
Microsoft Visual Studio Solution File, Format Version 12.00
# Visual Studio 2013
VisualStudioVersion = 12.0.40629.0
MinimumVisualStudioVersion = 10.0.40219.1
Project("{FAE04EC0-301F-11D3-BF4B-00C04F79EFBC}") = "JohnPapaSPADemo", "JohnPapaSPADemo\JohnPapaSPADemo.csproj", "{3F20A70E-0426-422D-B681-D9B00BC1197B}"
EndProject
Project("{FAE04EC0-301F-11D3-BF4B-00C04F79EFBC}") = "JohnPapaSPADemo.Tests", "JohnPapaSPADemo.Tests\JohnPapaSPADemo.Tests.csproj", "{AFCF9F08-B2A2-42E9-A1C6-2AEBDAF76D89}"
EndProject
Global
	GlobalSection(SolutionConfigurationPlatforms) = preSolution
		Debug|Any CPU = Debug|Any CPU
		Release|Any CPU = Release|Any CPU
	EndGlobalSection
	GlobalSection(ProjectConfigurationPlatforms) = postSolution
		{3F20A70E-0426-422D-B681-D9B00BC1197B}.Debug|Any CPU.ActiveCfg = Debug|Any CPU
		{3F20A70E-0426-422D-B681-D9B00BC1197B}.Debug|Any CPU.Build.0 = Debug|Any CPU
		{3F20A70E-0426-422D-B681-D9B00BC1197B}.Release|Any CPU.ActiveCfg = Release|Any CPU
		{3F20A70E-0426-422D-B681-D9B00BC1197B}.Release|Any CPU.Build.0 = Release|Any CPU
		{AFCF9F08-B2A2-42E9-A1C6-2AEBDAF76D89}.Debug|Any CPU.ActiveCfg = Debug|Any CPU
		{AFCF9F08-B2A2-42E9-A1C6-2AEBDAF76D89}.Debug|Any CPU.Build.0 = Debug|Any CPU
		{AFCF9F08-B2A2-42E9-A1C6-2AEBDAF76D89}.Release|Any CPU.ActiveCfg = Release|Any CPU
		{AFCF9F08-B2A2-42E9-A1C6-2AEBDAF76D89}.Release|Any CPU.Build.0 = Release|Any CPU
	EndGlobalSection
	GlobalSection(SolutionProperties) = preSolution
		HideSolutionNode = FALSE
	EndGlobalSection
EndGlobal
